
Microsoft Visual Studio Solution File, Format Version 12.00
# Visual Studio Version 17
VisualStudioVersion = 17.8.34309.116
MinimumVisualStudioVersion = 10.0.40219.1
Project("{2150E333-8FDC-42A3-9474-1A3956D46DE8}") = "Tests", "Tests", "{735007BE-FCC6-4A30-9236-30843BC37DA4}"
EndProject
Project("{2150E333-8FDC-42A3-9474-1A3956D46DE8}") = "Source", "Source", "{C554292D-149D-4334-BD37-8838BB6A88F0}"
EndProject
Project("{FAE04EC0-301F-11D3-BF4B-00C04F79EFBC}") = "ChessConsole", "ChessConsole\ChessConsole.csproj", "{08B66D5C-3484-4A21-8FED-934A448BBC27}"
EndProject
Project("{FAE04EC0-301F-11D3-BF4B-00C04F79EFBC}") = "ChessLogic", "ChessLogic\ChessLogic.csproj", "{4CF58024-84CF-4E76-A2B4-0F5B71F03C93}"
EndProject
Global
	GlobalSection(SolutionConfigurationPlatforms) = preSolution
		Debug|Any CPU = Debug|Any CPU
		Release|Any CPU = Release|Any CPU
	EndGlobalSection
	GlobalSection(ProjectConfigurationPlatforms) = postSolution
		{08B66D5C-3484-4A21-8FED-934A448BBC27}.Debug|Any CPU.ActiveCfg = Debug|Any CPU
		{08B66D5C-3484-4A21-8FED-934A448BBC27}.Debug|Any CPU.Build.0 = Debug|Any CPU
		{08B66D5C-3484-4A21-8FED-934A448BBC27}.Release|Any CPU.ActiveCfg = Release|Any CPU
		{08B66D5C-3484-4A21-8FED-934A448BBC27}.Release|Any CPU.Build.0 = Release|Any CPU
		{4CF58024-84CF-4E76-A2B4-0F5B71F03C93}.Debug|Any CPU.ActiveCfg = Debug|Any CPU
		{4CF58024-84CF-4E76-A2B4-0F5B71F03C93}.Debug|Any CPU.Build.0 = Debug|Any CPU
		{4CF58024-84CF-4E76-A2B4-0F5B71F03C93}.Release|Any CPU.ActiveCfg = Release|Any CPU
		{4CF58024-84CF-4E76-A2B4-0F5B71F03C93}.Release|Any CPU.Build.0 = Release|Any CPU
	EndGlobalSection
	GlobalSection(SolutionProperties) = preSolution
		HideSolutionNode = FALSE
	EndGlobalSection
	GlobalSection(NestedProjects) = preSolution
		{08B66D5C-3484-4A21-8FED-934A448BBC27} = {C554292D-149D-4334-BD37-8838BB6A88F0}
		{4CF58024-84CF-4E76-A2B4-0F5B71F03C93} = {C554292D-149D-4334-BD37-8838BB6A88F0}
	EndGlobalSection
	GlobalSection(ExtensibilityGlobals) = postSolution
		SolutionGuid = {96B88807-A7D5-4C65-AB0A-300669A8DCF4}
	EndGlobalSection
EndGlobal
